
Microsoft Visual Studio Solution File, Format Version 12.00
# Visual Studio Version 16
VisualStudioVersion = 16.0.31624.102
MinimumVisualStudioVersion = 10.0.40219.1
Project("{9A19103F-16F7-4668-BE54-9A1E7A4F7556}") = "MvcMovie", "..\MvcMovie.csproj", "{8FF44848-21D4-4AE3-8AB2-B17EE543843C}"
EndProject
Global
	GlobalSection(SolutionConfigurationPlatforms) = preSolution
		Debug|Any CPU = Debug|Any CPU
		Release|Any CPU = Release|Any CPU
	EndGlobalSection
	GlobalSection(ProjectConfigurationPlatforms) = postSolution
		{8FF44848-21D4-4AE3-8AB2-B17EE543843C}.Debug|Any CPU.ActiveCfg = Debug|Any CPU
		{8FF44848-21D4-4AE3-8AB2-B17EE543843C}.Debug|Any CPU.Build.0 = Debug|Any CPU
		{8FF44848-21D4-4AE3-8AB2-B17EE543843C}.Release|Any CPU.ActiveCfg = Release|Any CPU
		{8FF44848-21D4-4AE3-8AB2-B17EE543843C}.Release|Any CPU.Build.0 = Release|Any CPU
	EndGlobalSection
	GlobalSection(SolutionProperties) = preSolution
		HideSolutionNode = FALSE
	EndGlobalSection
	GlobalSection(ExtensibilityGlobals) = postSolution
		SolutionGuid = {5B23069D-401C-44D7-97B0-5FFE82F33625}
	EndGlobalSection
EndGlobal
